
Microsoft Visual Studio Solution File, Format Version 12.00
# Visual Studio Version 17
VisualStudioVersion = 17.13.35931.197 d17.13
MinimumVisualStudioVersion = 10.0.40219.1
Project("{888888A0-9F3D-457C-B088-3A5042F75D52}") = "maquina_cafe", "maquina_cafe\maquina_cafe.pyproj", "{12DC3ED9-D0C2-4BC1-B571-1D70540B3FD1}"
EndProject
Global
	GlobalSection(SolutionConfigurationPlatforms) = preSolution
		Debug|Any CPU = Debug|Any CPU
		Release|Any CPU = Release|Any CPU
	EndGlobalSection
	GlobalSection(ProjectConfigurationPlatforms) = postSolution
		{12DC3ED9-D0C2-4BC1-B571-1D70540B3FD1}.Debug|Any CPU.ActiveCfg = Debug|Any CPU
		{12DC3ED9-D0C2-4BC1-B571-1D70540B3FD1}.Release|Any CPU.ActiveCfg = Release|Any CPU
	EndGlobalSection
	GlobalSection(SolutionProperties) = preSolution
		HideSolutionNode = FALSE
	EndGlobalSection
	GlobalSection(ExtensibilityGlobals) = postSolution
		SolutionGuid = {E23BA07B-9016-46C3-A93C-34A165738EB2}
	EndGlobalSection
EndGlobal
